{
  "pins" : [
    {
      "identity" : "commander",
      "kind" : "remoteSourceControl",
      "location" : "https://github.com/kylef/Commander.git",
      "state" : {
        "revision" : "4b6133c3071d521489a80c38fb92d7983f19d438",
        "version" : "0.9.1"
      }
    },
    {
      "identity" : "spectre",
      "kind" : "remoteSourceControl",
      "location" : "https://github.com/kylef/Spectre.git",
      "state" : {
        "revision" : "26cc5e9ae0947092c7139ef7ba612e34646086c7",
        "version" : "0.10.1"
      }
    }
  ],
  "version" : 2
}
